
Microsoft Visual Studio Solution File, Format Version 12.00
# Visual Studio 15
VisualStudioVersion = 15.0.27428.2015
MinimumVisualStudioVersion = 10.0.40219.1
Project("{8BC9CEB8-8B4A-11D0-8D11-00A0C91BC942}") = "CONTACT_BOOK", "CONTACT_BOOK\CONTACT_BOOK.vcxproj", "{ACDDBBBE-C1BA-43CF-817C-BBB46D18DC15}"
EndProject
Global
	GlobalSection(SolutionConfigurationPlatforms) = preSolution
		Debug|x64 = Debug|x64
		Debug|x86 = Debug|x86
		Release|x64 = Release|x64
		Release|x86 = Release|x86
	EndGlobalSection
	GlobalSection(ProjectConfigurationPlatforms) = postSolution
		{ACDDBBBE-C1BA-43CF-817C-BBB46D18DC15}.Debug|x64.ActiveCfg = Debug|x64
		{ACDDBBBE-C1BA-43CF-817C-BBB46D18DC15}.Debug|x64.Build.0 = Debug|x64
		{ACDDBBBE-C1BA-43CF-817C-BBB46D18DC15}.Debug|x86.ActiveCfg = Debug|Win32
		{ACDDBBBE-C1BA-43CF-817C-BBB46D18DC15}.Debug|x86.Build.0 = Debug|Win32
		{ACDDBBBE-C1BA-43CF-817C-BBB46D18DC15}.Release|x64.ActiveCfg = Release|x64
		{ACDDBBBE-C1BA-43CF-817C-BBB46D18DC15}.Release|x64.Build.0 = Release|x64
		{ACDDBBBE-C1BA-43CF-817C-BBB46D18DC15}.Release|x86.ActiveCfg = Release|Win32
		{ACDDBBBE-C1BA-43CF-817C-BBB46D18DC15}.Release|x86.Build.0 = Release|Win32
	EndGlobalSection
	GlobalSection(SolutionProperties) = preSolution
		HideSolutionNode = FALSE
	EndGlobalSection
	GlobalSection(ExtensibilityGlobals) = postSolution
		SolutionGuid = {E68DD0BC-81A6-49BE-B457-20E8D42655E3}
	EndGlobalSection
EndGlobal
